
Microsoft Visual Studio Solution File, Format Version 12.00
# Visual Studio Version 17
VisualStudioVersion = 17.0.32002.185
MinimumVisualStudioVersion = 10.0.40219.1
Project("{FAE04EC0-301F-11D3-BF4B-00C04F79EFBC}") = "PracticaProductos", "PracticaProductos\PracticaProductos.csproj", "{139509A1-86FF-45A5-91F6-342517BA8941}"
EndProject
Global
	GlobalSection(SolutionConfigurationPlatforms) = preSolution
		Debug|Any CPU = Debug|Any CPU
		Release|Any CPU = Release|Any CPU
	EndGlobalSection
	GlobalSection(ProjectConfigurationPlatforms) = postSolution
		{139509A1-86FF-45A5-91F6-342517BA8941}.Debug|Any CPU.ActiveCfg = Debug|Any CPU
		{139509A1-86FF-45A5-91F6-342517BA8941}.Debug|Any CPU.Build.0 = Debug|Any CPU
		{139509A1-86FF-45A5-91F6-342517BA8941}.Release|Any CPU.ActiveCfg = Release|Any CPU
		{139509A1-86FF-45A5-91F6-342517BA8941}.Release|Any CPU.Build.0 = Release|Any CPU
	EndGlobalSection
	GlobalSection(SolutionProperties) = preSolution
		HideSolutionNode = FALSE
	EndGlobalSection
	GlobalSection(ExtensibilityGlobals) = postSolution
		SolutionGuid = {E8218DE6-8472-41F2-B832-7DFB57E56A4F}
	EndGlobalSection
EndGlobal
